
Microsoft Visual Studio Solution File, Format Version 12.00
# Visual Studio Version 16
VisualStudioVersion = 25.0.1704.3
MinimumVisualStudioVersion = 10.0.40219.1
Project("{FAE04EC0-301F-11D3-BF4B-00C04F79EFBC}") = "TicTacToe", "TicTacToe.csproj", "{774396C3-0B22-4793-8910-615C733940C8}"
EndProject
Global
	GlobalSection(SolutionConfigurationPlatforms) = preSolution
		Debug|Any CPU = Debug|Any CPU
		Release|Any CPU = Release|Any CPU
	EndGlobalSection
	GlobalSection(ProjectConfigurationPlatforms) = postSolution
		{774396C3-0B22-4793-8910-615C733940C8}.Debug|Any CPU.ActiveCfg = Debug|Any CPU
		{774396C3-0B22-4793-8910-615C733940C8}.Debug|Any CPU.Build.0 = Debug|Any CPU
		{774396C3-0B22-4793-8910-615C733940C8}.Release|Any CPU.ActiveCfg = Release|Any CPU
		{774396C3-0B22-4793-8910-615C733940C8}.Release|Any CPU.Build.0 = Release|Any CPU
	EndGlobalSection
	GlobalSection(SolutionProperties) = preSolution
		HideSolutionNode = FALSE
	EndGlobalSection
	GlobalSection(ExtensibilityGlobals) = postSolution
		SolutionGuid = {012D3970-C966-4DA9-AC59-A5091CB92856}
	EndGlobalSection
EndGlobal
